
Microsoft Visual Studio Solution File, Format Version 12.00
# Visual Studio Version 16
VisualStudioVersion = 16.0.31112.23
MinimumVisualStudioVersion = 10.0.40219.1
Project("{FAE04EC0-301F-11D3-BF4B-00C04F79EFBC}") = "GUI", "GUI\GUI.csproj", "{E913AAAF-6A9A-4104-B23B-3180A119DE85}"
EndProject
Project("{FAE04EC0-301F-11D3-BF4B-00C04F79EFBC}") = "BusinessEntity", "BusinnesEntity\BusinessEntity.csproj", "{BBF4DA1E-8DB6-49F7-8172-FF82B4467DEB}"
EndProject
Project("{FAE04EC0-301F-11D3-BF4B-00C04F79EFBC}") = "DataAccess", "DataAccess\DataAccess.csproj", "{4E7453E9-2CEC-4323-8EA9-1DC9C0D8778A}"
EndProject
Project("{FAE04EC0-301F-11D3-BF4B-00C04F79EFBC}") = "BusinessLogic", "BusinessLogic\BusinessLogic.csproj", "{8C67943F-3534-4E0A-B695-ACA8B8C8166B}"
EndProject
Project("{FAE04EC0-301F-11D3-BF4B-00C04F79EFBC}") = "Mapper", "Mapper\Mapper.csproj", "{3F24B42E-73F2-4A68-B346-56B25C6C3A49}"
EndProject
Project("{FAE04EC0-301F-11D3-BF4B-00C04F79EFBC}") = "Abstraction", "Abstraction\Abstraction.csproj", "{2C6BD99D-2466-426F-B34A-6C4C9DD633E9}"
EndProject
Global
	GlobalSection(SolutionConfigurationPlatforms) = preSolution
		Debug|Any CPU = Debug|Any CPU
		Release|Any CPU = Release|Any CPU
	EndGlobalSection
	GlobalSection(ProjectConfigurationPlatforms) = postSolution
		{E913AAAF-6A9A-4104-B23B-3180A119DE85}.Debug|Any CPU.ActiveCfg = Debug|Any CPU
		{E913AAAF-6A9A-4104-B23B-3180A119DE85}.Debug|Any CPU.Build.0 = Debug|Any CPU
		{E913AAAF-6A9A-4104-B23B-3180A119DE85}.Release|Any CPU.ActiveCfg = Release|Any CPU
		{E913AAAF-6A9A-4104-B23B-3180A119DE85}.Release|Any CPU.Build.0 = Release|Any CPU
		{BBF4DA1E-8DB6-49F7-8172-FF82B4467DEB}.Debug|Any CPU.ActiveCfg = Debug|Any CPU
		{BBF4DA1E-8DB6-49F7-8172-FF82B4467DEB}.Debug|Any CPU.Build.0 = Debug|Any CPU
		{BBF4DA1E-8DB6-49F7-8172-FF82B4467DEB}.Release|Any CPU.ActiveCfg = Release|Any CPU
		{BBF4DA1E-8DB6-49F7-8172-FF82B4467DEB}.Release|Any CPU.Build.0 = Release|Any CPU
		{4E7453E9-2CEC-4323-8EA9-1DC9C0D8778A}.Debug|Any CPU.ActiveCfg = Debug|Any CPU
		{4E7453E9-2CEC-4323-8EA9-1DC9C0D8778A}.Debug|Any CPU.Build.0 = Debug|Any CPU
		{4E7453E9-2CEC-4323-8EA9-1DC9C0D8778A}.Release|Any CPU.ActiveCfg = Release|Any CPU
		{4E7453E9-2CEC-4323-8EA9-1DC9C0D8778A}.Release|Any CPU.Build.0 = Release|Any CPU
		{8C67943F-3534-4E0A-B695-ACA8B8C8166B}.Debug|Any CPU.ActiveCfg = Debug|Any CPU
		{8C67943F-3534-4E0A-B695-ACA8B8C8166B}.Debug|Any CPU.Build.0 = Debug|Any CPU
		{8C67943F-3534-4E0A-B695-ACA8B8C8166B}.Release|Any CPU.ActiveCfg = Release|Any CPU
		{8C67943F-3534-4E0A-B695-ACA8B8C8166B}.Release|Any CPU.Build.0 = Release|Any CPU
		{3F24B42E-73F2-4A68-B346-56B25C6C3A49}.Debug|Any CPU.ActiveCfg = Debug|Any CPU
		{3F24B42E-73F2-4A68-B346-56B25C6C3A49}.Debug|Any CPU.Build.0 = Debug|Any CPU
		{3F24B42E-73F2-4A68-B346-56B25C6C3A49}.Release|Any CPU.ActiveCfg = Release|Any CPU
		{3F24B42E-73F2-4A68-B346-56B25C6C3A49}.Release|Any CPU.Build.0 = Release|Any CPU
		{2C6BD99D-2466-426F-B34A-6C4C9DD633E9}.Debug|Any CPU.ActiveCfg = Debug|Any CPU
		{2C6BD99D-2466-426F-B34A-6C4C9DD633E9}.Debug|Any CPU.Build.0 = Debug|Any CPU
		{2C6BD99D-2466-426F-B34A-6C4C9DD633E9}.Release|Any CPU.ActiveCfg = Release|Any CPU
		{2C6BD99D-2466-426F-B34A-6C4C9DD633E9}.Release|Any CPU.Build.0 = Release|Any CPU
	EndGlobalSection
	GlobalSection(SolutionProperties) = preSolution
		HideSolutionNode = FALSE
	EndGlobalSection
	GlobalSection(ExtensibilityGlobals) = postSolution
		SolutionGuid = {21677305-AE97-4532-A990-9AEDEB9249F0}
	EndGlobalSection
EndGlobal
